{
  "name": "backend-test",
  "version": "1.0.0",
  "lockfileVersion": 2,
  "requires": true,
  "packages": {
    "": {
      "name": "backend-test",
      "version": "1.0.0",
      "license": "ISC",
      "dependencies": {
        "@middy/core": "^4.2.7",
        "@middy/http-json-body-parser": "^4.2.7"
      }
    },
    "node_modules/@middy/core": {
      "version": "4.2.7",
      "resolved": "https://registry.npmjs.org/@middy/core/-/core-4.2.7.tgz",
      "integrity": "sha512-VXwtTEp2rqJedH12y6ye1nnHtXgvaBzgbF0cb5Vr3t+hkRV4z/D+5Iq0SG7N2425el2yQVvIhrdUNX+9/hZ4tw==",
      "engines": {
        "node": ">=16"
      },
      "funding": {
        "type": "github",
        "url": "https://github.com/sponsors/willfarrell"
      }
    },
    "node_modules/@middy/http-json-body-parser": {
      "version": "4.2.7",
      "resolved": "https://registry.npmjs.org/@middy/http-json-body-parser/-/http-json-body-parser-4.2.7.tgz",
      "integrity": "sha512-p8LSL/giD9ZuRcpE4MKbvyzeA/UnZf0hFzk9aa5iMr3kaNYVxWeX9wCshfkoKhEew09qHmLVa/UJ6XPOQGqRTA==",
      "dependencies": {
        "@middy/util": "4.2.7"
      },
      "engines": {
        "node": ">=16"
      },
      "funding": {
        "type": "github",
        "url": "https://github.com/sponsors/willfarrell"
      }
    },
    "node_modules/@middy/util": {
      "version": "4.2.7",
      "resolved": "https://registry.npmjs.org/@middy/util/-/util-4.2.7.tgz",
      "integrity": "sha512-4E+nLvR3YwGPBP1P656vhKuGLjoJByHcXJRW2JKbyeOlfqu4wPBB4HlYKRnNUK1vfQXaysbkzoieTfOsDRk5Lw==",
      "engines": {
        "node": ">=16"
      },
      "funding": {
        "type": "github",
        "url": "https://github.com/sponsors/willfarrell"
      }
    }
  },
  "dependencies": {
    "@middy/core": {
      "version": "4.2.7",
      "resolved": "https://registry.npmjs.org/@middy/core/-/core-4.2.7.tgz",
      "integrity": "sha512-VXwtTEp2rqJedH12y6ye1nnHtXgvaBzgbF0cb5Vr3t+hkRV4z/D+5Iq0SG7N2425el2yQVvIhrdUNX+9/hZ4tw=="
    },
    "@middy/http-json-body-parser": {
      "version": "4.2.7",
      "resolved": "https://registry.npmjs.org/@middy/http-json-body-parser/-/http-json-body-parser-4.2.7.tgz",
      "integrity": "sha512-p8LSL/giD9ZuRcpE4MKbvyzeA/UnZf0hFzk9aa5iMr3kaNYVxWeX9wCshfkoKhEew09qHmLVa/UJ6XPOQGqRTA==",
      "requires": {
        "@middy/util": "4.2.7"
      }
    },
    "@middy/util": {
      "version": "4.2.7",
      "resolved": "https://registry.npmjs.org/@middy/util/-/util-4.2.7.tgz",
      "integrity": "sha512-4E+nLvR3YwGPBP1P656vhKuGLjoJByHcXJRW2JKbyeOlfqu4wPBB4HlYKRnNUK1vfQXaysbkzoieTfOsDRk5Lw=="
    }
  }
}
